
Microsoft Visual Studio Solution File, Format Version 12.00
# Visual Studio 15
Project("{FAE04EC0-301F-11D3-BF4B-00C04F79EFBC}") = "Assembly-CSharp", "Assembly-CSharp.csproj", "{332D2B71-E806-9FF5-A49F-37701F02FE2E}"
EndProject
Project("{FAE04EC0-301F-11D3-BF4B-00C04F79EFBC}") = "Assembly-CSharp-firstpass", "Assembly-CSharp-firstpass.csproj", "{61BFB6EE-6C80-37D0-CEF4-6AB8A7521524}"
EndProject
Project("{FAE04EC0-301F-11D3-BF4B-00C04F79EFBC}") = "Assembly-CSharp-Editor-firstpass", "Assembly-CSharp-Editor-firstpass.csproj", "{8ADA8694-7243-412A-292A-BA8BEFE62FB8}"
EndProject
Global
	GlobalSection(SolutionConfigurationPlatforms) = preSolution
		Debug|Any CPU = Debug|Any CPU
		Release|Any CPU = Release|Any CPU
	EndGlobalSection
	GlobalSection(ProjectConfigurationPlatforms) = postSolution
		{332D2B71-E806-9FF5-A49F-37701F02FE2E}.Debug|Any CPU.ActiveCfg = Debug|Any CPU
		{332D2B71-E806-9FF5-A49F-37701F02FE2E}.Debug|Any CPU.Build.0 = Debug|Any CPU
		{332D2B71-E806-9FF5-A49F-37701F02FE2E}.Release|Any CPU.ActiveCfg = Release|Any CPU
		{332D2B71-E806-9FF5-A49F-37701F02FE2E}.Release|Any CPU.Build.0 = Release|Any CPU
		{61BFB6EE-6C80-37D0-CEF4-6AB8A7521524}.Debug|Any CPU.ActiveCfg = Debug|Any CPU
		{61BFB6EE-6C80-37D0-CEF4-6AB8A7521524}.Debug|Any CPU.Build.0 = Debug|Any CPU
		{61BFB6EE-6C80-37D0-CEF4-6AB8A7521524}.Release|Any CPU.ActiveCfg = Release|Any CPU
		{61BFB6EE-6C80-37D0-CEF4-6AB8A7521524}.Release|Any CPU.Build.0 = Release|Any CPU
		{8ADA8694-7243-412A-292A-BA8BEFE62FB8}.Debug|Any CPU.ActiveCfg = Debug|Any CPU
		{8ADA8694-7243-412A-292A-BA8BEFE62FB8}.Debug|Any CPU.Build.0 = Debug|Any CPU
		{8ADA8694-7243-412A-292A-BA8BEFE62FB8}.Release|Any CPU.ActiveCfg = Release|Any CPU
		{8ADA8694-7243-412A-292A-BA8BEFE62FB8}.Release|Any CPU.Build.0 = Release|Any CPU
	EndGlobalSection
	GlobalSection(SolutionProperties) = preSolution
		HideSolutionNode = FALSE
	EndGlobalSection
EndGlobal
